// !$*UTF8*$!
{
	archiveVersion = 1;
	classes = {
	};
	objectVersion = 56;
	objects = {

/* Begin PBXBuildFile section */
		37B4656329BC25A8008B2A3B /* NewsTVC.swift in Sources */ = {isa = PBXBuildFile; fileRef = 37B4656129BC25A8008B2A3B /* NewsTVC.swift */; };
		37B4656429BC25A8008B2A3B /* NewsTVC.xib in Resources */ = {isa = PBXBuildFile; fileRef = 37B4656229BC25A8008B2A3B /* NewsTVC.xib */; };
		37B4656829BC3FFB008B2A3B /* WeatherInfo.swift in Sources */ = {isa = PBXBuildFile; fileRef = 37B4656729BC3FFB008B2A3B /* WeatherInfo.swift */; };
		37B4656D29BC444E008B2A3B /* City.swift in Sources */ = {isa = PBXBuildFile; fileRef = 37B4656C29BC444E008B2A3B /* City.swift */; };
		6E3AB27E29AC858500858B36 /* NewsListVC.swift in Sources */ = {isa = PBXBuildFile; fileRef = 6E3AB27D29AC858500858B36 /* NewsListVC.swift */; };
		6E3AB28029AC91A600858B36 /* HalfSheetPresentationController.swift in Sources */ = {isa = PBXBuildFile; fileRef = 6E3AB27F29AC91A600858B36 /* HalfSheetPresentationController.swift */; };
		6E61FC4F29A2FCE500D24CCC /* AppDelegate.swift in Sources */ = {isa = PBXBuildFile; fileRef = 6E61FC4E29A2FCE500D24CCC /* AppDelegate.swift */; };
		6E61FC5129A2FCE500D24CCC /* SceneDelegate.swift in Sources */ = {isa = PBXBuildFile; fileRef = 6E61FC5029A2FCE500D24CCC /* SceneDelegate.swift */; };
		6E61FC5329A2FCE500D24CCC /* WeatherAndNewsVC.swift in Sources */ = {isa = PBXBuildFile; fileRef = 6E61FC5229A2FCE500D24CCC /* WeatherAndNewsVC.swift */; };
		6E61FC5629A2FCE500D24CCC /* Main.storyboard in Resources */ = {isa = PBXBuildFile; fileRef = 6E61FC5429A2FCE500D24CCC /* Main.storyboard */; };
		6E61FC5829A2FCE600D24CCC /* Assets.xcassets in Resources */ = {isa = PBXBuildFile; fileRef = 6E61FC5729A2FCE600D24CCC /* Assets.xcassets */; };
		6E61FC5B29A2FCE600D24CCC /* LaunchScreen.storyboard in Resources */ = {isa = PBXBuildFile; fileRef = 6E61FC5929A2FCE600D24CCC /* LaunchScreen.storyboard */; };
		6E61FC6429A3040000D24CCC /* UIView+Ext.swift in Sources */ = {isa = PBXBuildFile; fileRef = 6E61FC6329A3040000D24CCC /* UIView+Ext.swift */; };
		EFE03C85D0105503B81B91B6 /* Pods_WeatherAndNews.framework in Frameworks */ = {isa = PBXBuildFile; fileRef = BD5FE308CF88C517646CDCA2 /* Pods_WeatherAndNews.framework */; };
/* End PBXBuildFile section */

/* Begin PBXFileReference section */
		03AE0AD16680CC64A41DB824 /* Pods-WeatherAndNews.release.xcconfig */ = {isa = PBXFileReference; includeInIndex = 1; lastKnownFileType = text.xcconfig; name = "Pods-WeatherAndNews.release.xcconfig"; path = "Target Support Files/Pods-WeatherAndNews/Pods-WeatherAndNews.release.xcconfig"; sourceTree = "<group>"; };
		37B4656129BC25A8008B2A3B /* NewsTVC.swift */ = {isa = PBXFileReference; lastKnownFileType = sourcecode.swift; path = NewsTVC.swift; sourceTree = "<group>"; };
		37B4656229BC25A8008B2A3B /* NewsTVC.xib */ = {isa = PBXFileReference; lastKnownFileType = file.xib; path = NewsTVC.xib; sourceTree = "<group>"; };
		37B4656729BC3FFB008B2A3B /* WeatherInfo.swift */ = {isa = PBXFileReference; lastKnownFileType = sourcecode.swift; path = WeatherInfo.swift; sourceTree = "<group>"; };
		37B4656C29BC444E008B2A3B /* City.swift */ = {isa = PBXFileReference; lastKnownFileType = sourcecode.swift; path = City.swift; sourceTree = "<group>"; };
		3FF1A2095FB384F16A90F51D /* Pods-WeatherAndNews.debug.xcconfig */ = {isa = PBXFileReference; includeInIndex = 1; lastKnownFileType = text.xcconfig; name = "Pods-WeatherAndNews.debug.xcconfig"; path = "Target Support Files/Pods-WeatherAndNews/Pods-WeatherAndNews.debug.xcconfig"; sourceTree = "<group>"; };
		6E3AB27D29AC858500858B36 /* NewsListVC.swift */ = {isa = PBXFileReference; lastKnownFileType = sourcecode.swift; path = NewsListVC.swift; sourceTree = "<group>"; };
		6E3AB27F29AC91A600858B36 /* HalfSheetPresentationController.swift */ = {isa = PBXFileReference; lastKnownFileType = sourcecode.swift; path = HalfSheetPresentationController.swift; sourceTree = "<group>"; };
		6E61FC4B29A2FCE500D24CCC /* WeatherAndNews.app */ = {isa = PBXFileReference; explicitFileType = wrapper.application; includeInIndex = 0; path = WeatherAndNews.app; sourceTree = BUILT_PRODUCTS_DIR; };
		6E61FC4E29A2FCE500D24CCC /* AppDelegate.swift */ = {isa = PBXFileReference; lastKnownFileType = sourcecode.swift; path = AppDelegate.swift; sourceTree = "<group>"; };
		6E61FC5029A2FCE500D24CCC /* SceneDelegate.swift */ = {isa = PBXFileReference; lastKnownFileType = sourcecode.swift; path = SceneDelegate.swift; sourceTree = "<group>"; };
		6E61FC5229A2FCE500D24CCC /* WeatherAndNewsVC.swift */ = {isa = PBXFileReference; lastKnownFileType = sourcecode.swift; path = WeatherAndNewsVC.swift; sourceTree = "<group>"; };
		6E61FC5529A2FCE500D24CCC /* Base */ = {isa = PBXFileReference; lastKnownFileType = file.storyboard; name = Base; path = Base.lproj/Main.storyboard; sourceTree = "<group>"; };
		6E61FC5729A2FCE600D24CCC /* Assets.xcassets */ = {isa = PBXFileReference; lastKnownFileType = folder.assetcatalog; path = Assets.xcassets; sourceTree = "<group>"; };
		6E61FC5A29A2FCE600D24CCC /* Base */ = {isa = PBXFileReference; lastKnownFileType = file.storyboard; name = Base; path = Base.lproj/LaunchScreen.storyboard; sourceTree = "<group>"; };
		6E61FC5C29A2FCE600D24CCC /* Info.plist */ = {isa = PBXFileReference; lastKnownFileType = text.plist.xml; path = Info.plist; sourceTree = "<group>"; };
		6E61FC6329A3040000D24CCC /* UIView+Ext.swift */ = {isa = PBXFileReference; lastKnownFileType = sourcecode.swift; path = "UIView+Ext.swift"; sourceTree = "<group>"; };
		BD5FE308CF88C517646CDCA2 /* Pods_WeatherAndNews.framework */ = {isa = PBXFileReference; explicitFileType = wrapper.framework; includeInIndex = 0; path = Pods_WeatherAndNews.framework; sourceTree = BUILT_PRODUCTS_DIR; };
/* End PBXFileReference section */

/* Begin PBXFrameworksBuildPhase section */
		6E61FC4829A2FCE500D24CCC /* Frameworks */ = {
			isa = PBXFrameworksBuildPhase;
			buildActionMask = 2147483647;
			files = (
				EFE03C85D0105503B81B91B6 /* Pods_WeatherAndNews.framework in Frameworks */,
			);
			runOnlyForDeploymentPostprocessing = 0;
		};
/* End PBXFrameworksBuildPhase section */

/* Begin PBXGroup section */
		37B4655E29BC253A008B2A3B /* View */ = {
			isa = PBXGroup;
			children = (
				6E3AB27F29AC91A600858B36 /* HalfSheetPresentationController.swift */,
				37B4656129BC25A8008B2A3B /* NewsTVC.swift */,
				37B4656229BC25A8008B2A3B /* NewsTVC.xib */,
			);
			path = View;
			sourceTree = "<group>";
		};
		37B4655F29BC2541008B2A3B /* Model */ = {
			isa = PBXGroup;
			children = (
				37B4656729BC3FFB008B2A3B /* WeatherInfo.swift */,
				37B4656C29BC444E008B2A3B /* City.swift */,
			);
			path = Model;
			sourceTree = "<group>";
		};
		37B4656029BC254F008B2A3B /* Controller */ = {
			isa = PBXGroup;
			children = (
				6E3AB27D29AC858500858B36 /* NewsListVC.swift */,
			);
			path = Controller;
			sourceTree = "<group>";
		};
		6E61FC4229A2FCE500D24CCC = {
			isa = PBXGroup;
			children = (
				6E61FC4D29A2FCE500D24CCC /* WeatherAndNews */,
				6E61FC4C29A2FCE500D24CCC /* Products */,
				8A3EF1BD023B4A399BF91A69 /* Pods */,
				A6B8A5F324B0DCA3428F518F /* Frameworks */,
			);
			sourceTree = "<group>";
		};
		6E61FC4C29A2FCE500D24CCC /* Products */ = {
			isa = PBXGroup;
			children = (
				6E61FC4B29A2FCE500D24CCC /* WeatherAndNews.app */,
			);
			name = Products;
			sourceTree = "<group>";
		};
		6E61FC4D29A2FCE500D24CCC /* WeatherAndNews */ = {
			isa = PBXGroup;
			children = (
				37B4656029BC254F008B2A3B /* Controller */,
				37B4655F29BC2541008B2A3B /* Model */,
				37B4655E29BC253A008B2A3B /* View */,
				6E61FC6229A303E900D24CCC /* Extensions */,
				6E61FC4E29A2FCE500D24CCC /* AppDelegate.swift */,
				6E61FC5029A2FCE500D24CCC /* SceneDelegate.swift */,
				6E61FC5229A2FCE500D24CCC /* WeatherAndNewsVC.swift */,
				6E61FC5429A2FCE500D24CCC /* Main.storyboard */,
				6E61FC5929A2FCE600D24CCC /* LaunchScreen.storyboard */,
				6E61FC5729A2FCE600D24CCC /* Assets.xcassets */,
				6E61FC5C29A2FCE600D24CCC /* Info.plist */,
			);
			path = WeatherAndNews;
			sourceTree = "<group>";
		};
		6E61FC6229A303E900D24CCC /* Extensions */ = {
			isa = PBXGroup;
			children = (
				6E61FC6329A3040000D24CCC /* UIView+Ext.swift */,
			);
			path = Extensions;
			sourceTree = "<group>";
		};
		8A3EF1BD023B4A399BF91A69 /* Pods */ = {
			isa = PBXGroup;
			children = (
				3FF1A2095FB384F16A90F51D /* Pods-WeatherAndNews.debug.xcconfig */,
				03AE0AD16680CC64A41DB824 /* Pods-WeatherAndNews.release.xcconfig */,
			);
			path = Pods;
			sourceTree = "<group>";
		};
		A6B8A5F324B0DCA3428F518F /* Frameworks */ = {
			isa = PBXGroup;
			children = (
				BD5FE308CF88C517646CDCA2 /* Pods_WeatherAndNews.framework */,
			);
			name = Frameworks;
			sourceTree = "<group>";
		};
/* End PBXGroup section */

/* Begin PBXNativeTarget section */
		6E61FC4A29A2FCE500D24CCC /* WeatherAndNews */ = {
			isa = PBXNativeTarget;
			buildConfigurationList = 6E61FC5F29A2FCE600D24CCC /* Build configuration list for PBXNativeTarget "WeatherAndNews" */;
			buildPhases = (
				381107D1A5EC316258E734EC /* [CP] Check Pods Manifest.lock */,
				6E61FC4729A2FCE500D24CCC /* Sources */,
				6E61FC4829A2FCE500D24CCC /* Frameworks */,
				6E61FC4929A2FCE500D24CCC /* Resources */,
				2FAEA75D540F3F835433E320 /* [CP] Embed Pods Frameworks */,
			);
			buildRules = (
			);
			dependencies = (
			);
			name = WeatherAndNews;
			productName = WeatherAndNews;
			productReference = 6E61FC4B29A2FCE500D24CCC /* WeatherAndNews.app */;
			productType = "com.apple.product-type.application";
		};
/* End PBXNativeTarget section */

/* Begin PBXProject section */
		6E61FC4329A2FCE500D24CCC /* Project object */ = {
			isa = PBXProject;
			attributes = {
				BuildIndependentTargetsInParallel = 1;
				LastSwiftUpdateCheck = 1420;
				LastUpgradeCheck = 1420;
				TargetAttributes = {
					6E61FC4A29A2FCE500D24CCC = {
						CreatedOnToolsVersion = 14.2;
					};
				};
			};
			buildConfigurationList = 6E61FC4629A2FCE500D24CCC /* Build configuration list for PBXProject "WeatherAndNews" */;
			compatibilityVersion = "Xcode 14.0";
			developmentRegion = en;
			hasScannedForEncodings = 0;
			knownRegions = (
				en,
				Base,
			);
			mainGroup = 6E61FC4229A2FCE500D24CCC;
			productRefGroup = 6E61FC4C29A2FCE500D24CCC /* Products */;
			projectDirPath = "";
			projectRoot = "";
			targets = (
				6E61FC4A29A2FCE500D24CCC /* WeatherAndNews */,
			);
		};
/* End PBXProject section */

/* Begin PBXResourcesBuildPhase section */
		6E61FC4929A2FCE500D24CCC /* Resources */ = {
			isa = PBXResourcesBuildPhase;
			buildActionMask = 2147483647;
			files = (
				6E61FC5B29A2FCE600D24CCC /* LaunchScreen.storyboard in Resources */,
				6E61FC5829A2FCE600D24CCC /* Assets.xcassets in Resources */,
				37B4656429BC25A8008B2A3B /* NewsTVC.xib in Resources */,
				6E61FC5629A2FCE500D24CCC /* Main.storyboard in Resources */,
			);
			runOnlyForDeploymentPostprocessing = 0;
		};
/* End PBXResourcesBuildPhase section */

/* Begin PBXShellScriptBuildPhase section */
		2FAEA75D540F3F835433E320 /* [CP] Embed Pods Frameworks */ = {
			isa = PBXShellScriptBuildPhase;
			buildActionMask = 2147483647;
			files = (
			);
			inputFileListPaths = (
				"${PODS_ROOT}/Target Support Files/Pods-WeatherAndNews/Pods-WeatherAndNews-frameworks-${CONFIGURATION}-input-files.xcfilelist",
			);
			name = "[CP] Embed Pods Frameworks";
			outputFileListPaths = (
				"${PODS_ROOT}/Target Support Files/Pods-WeatherAndNews/Pods-WeatherAndNews-frameworks-${CONFIGURATION}-output-files.xcfilelist",
			);
			runOnlyForDeploymentPostprocessing = 0;
			shellPath = /bin/sh;
			shellScript = "\"${PODS_ROOT}/Target Support Files/Pods-WeatherAndNews/Pods-WeatherAndNews-frameworks.sh\"\n";
			showEnvVarsInLog = 0;
		};
		381107D1A5EC316258E734EC /* [CP] Check Pods Manifest.lock */ = {
			isa = PBXShellScriptBuildPhase;
			buildActionMask = 2147483647;
			files = (
			);
			inputFileListPaths = (
			);
			inputPaths = (
				"${PODS_PODFILE_DIR_PATH}/Podfile.lock",
				"${PODS_ROOT}/Manifest.lock",
			);
			name = "[CP] Check Pods Manifest.lock";
			outputFileListPaths = (
			);
			outputPaths = (
				"$(DERIVED_FILE_DIR)/Pods-WeatherAndNews-checkManifestLockResult.txt",
			);
			runOnlyForDeploymentPostprocessing = 0;
			shellPath = /bin/sh;
			shellScript = "diff \"${PODS_PODFILE_DIR_PATH}/Podfile.lock\" \"${PODS_ROOT}/Manifest.lock\" > /dev/null\nif [ $? != 0 ] ; then\n    # print error to STDERR\n    echo \"error: The sandbox is not in sync with the Podfile.lock. Run 'pod install' or update your CocoaPods installation.\" >&2\n    exit 1\nfi\n# This output is used by Xcode 'outputs' to avoid re-running this script phase.\necho \"SUCCESS\" > \"${SCRIPT_OUTPUT_FILE_0}\"\n";
			showEnvVarsInLog = 0;
		};
/* End PBXShellScriptBuildPhase section */

/* Begin PBXSourcesBuildPhase section */
		6E61FC4729A2FCE500D24CCC /* Sources */ = {
			isa = PBXSourcesBuildPhase;
			buildActionMask = 2147483647;
			files = (
				37B4656329BC25A8008B2A3B /* NewsTVC.swift in Sources */,
				37B4656829BC3FFB008B2A3B /* WeatherInfo.swift in Sources */,
				6E61FC6429A3040000D24CCC /* UIView+Ext.swift in Sources */,
				6E3AB27E29AC858500858B36 /* NewsListVC.swift in Sources */,
				6E3AB28029AC91A600858B36 /* HalfSheetPresentationController.swift in Sources */,
				6E61FC5329A2FCE500D24CCC /* WeatherAndNewsVC.swift in Sources */,
				6E61FC4F29A2FCE500D24CCC /* AppDelegate.swift in Sources */,
				37B4656D29BC444E008B2A3B /* City.swift in Sources */,
				6E61FC5129A2FCE500D24CCC /* SceneDelegate.swift in Sources */,
			);
			runOnlyForDeploymentPostprocessing = 0;
		};
/* End PBXSourcesBuildPhase section */

/* Begin PBXVariantGroup section */
		6E61FC5429A2FCE500D24CCC /* Main.storyboard */ = {
			isa = PBXVariantGroup;
			children = (
				6E61FC5529A2FCE500D24CCC /* Base */,
			);
			name = Main.storyboard;
			sourceTree = "<group>";
		};
		6E61FC5929A2FCE600D24CCC /* LaunchScreen.storyboard */ = {
			isa = PBXVariantGroup;
			children = (
				6E61FC5A29A2FCE600D24CCC /* Base */,
			);
			name = LaunchScreen.storyboard;
			sourceTree = "<group>";
		};
/* End PBXVariantGroup section */

/* Begin XCBuildConfiguration section */
		6E61FC5D29A2FCE600D24CCC /* Debug */ = {
			isa = XCBuildConfiguration;
			buildSettings = {
				ALWAYS_SEARCH_USER_PATHS = NO;
				CLANG_ANALYZER_NONNULL = YES;
				CLANG_ANALYZER_NUMBER_OBJECT_CONVERSION = YES_AGGRESSIVE;
				CLANG_CXX_LANGUAGE_STANDARD = "gnu++20";
				CLANG_ENABLE_MODULES = YES;
				CLANG_ENABLE_OBJC_ARC = YES;
				CLANG_ENABLE_OBJC_WEAK = YES;
				CLANG_WARN_BLOCK_CAPTURE_AUTORELEASING = YES;
				CLANG_WARN_BOOL_CONVERSION = YES;
				CLANG_WARN_COMMA = YES;
				CLANG_WARN_CONSTANT_CONVERSION = YES;
				CLANG_WARN_DEPRECATED_OBJC_IMPLEMENTATIONS = YES;
				CLANG_WARN_DIRECT_OBJC_ISA_USAGE = YES_ERROR;
				CLANG_WARN_DOCUMENTATION_COMMENTS = YES;
				CLANG_WARN_EMPTY_BODY = YES;
				CLANG_WARN_ENUM_CONVERSION = YES;
				CLANG_WARN_INFINITE_RECURSION = YES;
				CLANG_WARN_INT_CONVERSION = YES;
				CLANG_WARN_NON_LITERAL_NULL_CONVERSION = YES;
				CLANG_WARN_OBJC_IMPLICIT_RETAIN_SELF = YES;
				CLANG_WARN_OBJC_LITERAL_CONVERSION = YES;
				CLANG_WARN_OBJC_ROOT_CLASS = YES_ERROR;
				CLANG_WARN_QUOTED_INCLUDE_IN_FRAMEWORK_HEADER = YES;
				CLANG_WARN_RANGE_LOOP_ANALYSIS = YES;
				CLANG_WARN_STRICT_PROTOTYPES = YES;
				CLANG_WARN_SUSPICIOUS_MOVE = YES;
				CLANG_WARN_UNGUARDED_AVAILABILITY = YES_AGGRESSIVE;
				CLANG_WARN_UNREACHABLE_CODE = YES;
				CLANG_WARN__DUPLICATE_METHOD_MATCH = YES;
				COPY_PHASE_STRIP = NO;
				DEBUG_INFORMATION_FORMAT = dwarf;
				ENABLE_STRICT_OBJC_MSGSEND = YES;
				ENABLE_TESTABILITY = YES;
				GCC_C_LANGUAGE_STANDARD = gnu11;
				GCC_DYNAMIC_NO_PIC = NO;
				GCC_NO_COMMON_BLOCKS = YES;
				GCC_OPTIMIZATION_LEVEL = 0;
				GCC_PREPROCESSOR_DEFINITIONS = (
					"DEBUG=1",
					"$(inherited)",
				);
				GCC_WARN_64_TO_32_BIT_CONVERSION = YES;
				GCC_WARN_ABOUT_RETURN_TYPE = YES_ERROR;
				GCC_WARN_UNDECLARED_SELECTOR = YES;
				GCC_WARN_UNINITIALIZED_AUTOS = YES_AGGRESSIVE;
				GCC_WARN_UNUSED_FUNCTION = YES;
				GCC_WARN_UNUSED_VARIABLE = YES;
				IPHONEOS_DEPLOYMENT_TARGET = 14.2;
				MTL_ENABLE_DEBUG_INFO = INCLUDE_SOURCE;
				MTL_FAST_MATH = YES;
				ONLY_ACTIVE_ARCH = YES;
				SDKROOT = iphoneos;
				SWIFT_ACTIVE_COMPILATION_CONDITIONS = DEBUG;
				SWIFT_OPTIMIZATION_LEVEL = "-Onone";
			};
			name = Debug;
		};
		6E61FC5E29A2FCE600D24CCC /* Release */ = {
			isa = XCBuildConfiguration;
			buildSettings = {
				ALWAYS_SEARCH_USER_PATHS = NO;
				CLANG_ANALYZER_NONNULL = YES;
				CLANG_ANALYZER_NUMBER_OBJECT_CONVERSION = YES_AGGRESSIVE;
				CLANG_CXX_LANGUAGE_STANDARD = "gnu++20";
				CLANG_ENABLE_MODULES = YES;
				CLANG_ENABLE_OBJC_ARC = YES;
				CLANG_ENABLE_OBJC_WEAK = YES;
				CLANG_WARN_BLOCK_CAPTURE_AUTORELEASING = YES;
				CLANG_WARN_BOOL_CONVERSION = YES;
				CLANG_WARN_COMMA = YES;
				CLANG_WARN_CONSTANT_CONVERSION = YES;
				CLANG_WARN_DEPRECATED_OBJC_IMPLEMENTATIONS = YES;
				CLANG_WARN_DIRECT_OBJC_ISA_USAGE = YES_ERROR;
				CLANG_WARN_DOCUMENTATION_COMMENTS = YES;
				CLANG_WARN_EMPTY_BODY = YES;
				CLANG_WARN_ENUM_CONVERSION = YES;
				CLANG_WARN_INFINITE_RECURSION = YES;
				CLANG_WARN_INT_CONVERSION = YES;
				CLANG_WARN_NON_LITERAL_NULL_CONVERSION = YES;
				CLANG_WARN_OBJC_IMPLICIT_RETAIN_SELF = YES;
				CLANG_WARN_OBJC_LITERAL_CONVERSION = YES;
				CLANG_WARN_OBJC_ROOT_CLASS = YES_ERROR;
				CLANG_WARN_QUOTED_INCLUDE_IN_FRAMEWORK_HEADER = YES;
				CLANG_WARN_RANGE_LOOP_ANALYSIS = YES;
				CLANG_WARN_STRICT_PROTOTYPES = YES;
				CLANG_WARN_SUSPICIOUS_MOVE = YES;
				CLANG_WARN_UNGUARDED_AVAILABILITY = YES_AGGRESSIVE;
				CLANG_WARN_UNREACHABLE_CODE = YES;
				CLANG_WARN__DUPLICATE_METHOD_MATCH = YES;
				COPY_PHASE_STRIP = NO;
				DEBUG_INFORMATION_FORMAT = "dwarf-with-dsym";
				ENABLE_NS_ASSERTIONS = NO;
				ENABLE_STRICT_OBJC_MSGSEND = YES;
				GCC_C_LANGUAGE_STANDARD = gnu11;
				GCC_NO_COMMON_BLOCKS = YES;
				GCC_WARN_64_TO_32_BIT_CONVERSION = YES;
				GCC_WARN_ABOUT_RETURN_TYPE = YES_ERROR;
				GCC_WARN_UNDECLARED_SELECTOR = YES;
				GCC_WARN_UNINITIALIZED_AUTOS = YES_AGGRESSIVE;
				GCC_WARN_UNUSED_FUNCTION = YES;
				GCC_WARN_UNUSED_VARIABLE = YES;
				IPHONEOS_DEPLOYMENT_TARGET = 14.2;
				MTL_ENABLE_DEBUG_INFO = NO;
				MTL_FAST_MATH = YES;
				SDKROOT = iphoneos;
				SWIFT_COMPILATION_MODE = wholemodule;
				SWIFT_OPTIMIZATION_LEVEL = "-O";
				VALIDATE_PRODUCT = YES;
			};
			name = Release;
		};
		6E61FC6029A2FCE600D24CCC /* Debug */ = {
			isa = XCBuildConfiguration;
			baseConfigurationReference = 3FF1A2095FB384F16A90F51D /* Pods-WeatherAndNews.debug.xcconfig */;
			buildSettings = {
				ASSETCATALOG_COMPILER_APPICON_NAME = AppIcon;
				ASSETCATALOG_COMPILER_GLOBAL_ACCENT_COLOR_NAME = AccentColor;
				CODE_SIGN_STYLE = Automatic;
				CURRENT_PROJECT_VERSION = 1;
				DEVELOPMENT_TEAM = 7YM75J8UJJ;
				GENERATE_INFOPLIST_FILE = YES;
				INFOPLIST_FILE = WeatherAndNews/Info.plist;
				INFOPLIST_KEY_UIApplicationSupportsIndirectInputEvents = YES;
				INFOPLIST_KEY_UILaunchStoryboardName = LaunchScreen;
				INFOPLIST_KEY_UIMainStoryboardFile = Main;
				INFOPLIST_KEY_UISupportedInterfaceOrientations_iPad = "UIInterfaceOrientationPortrait UIInterfaceOrientationPortraitUpsideDown UIInterfaceOrientationLandscapeLeft UIInterfaceOrientationLandscapeRight";
				INFOPLIST_KEY_UISupportedInterfaceOrientations_iPhone = "UIInterfaceOrientationPortrait UIInterfaceOrientationLandscapeLeft UIInterfaceOrientationLandscapeRight";
				IPHONEOS_DEPLOYMENT_TARGET = 14.2;
				LD_RUNPATH_SEARCH_PATHS = (
					"$(inherited)",
					"@executable_path/Frameworks",
				);
				MARKETING_VERSION = 1.0;
				PRODUCT_BUNDLE_IDENTIFIER = com.chul.WeatherAndNews;
				PRODUCT_NAME = "$(TARGET_NAME)";
				SUPPORTED_PLATFORMS = "iphoneos iphonesimulator";
				SUPPORTS_MACCATALYST = NO;
				SUPPORTS_MAC_DESIGNED_FOR_IPHONE_IPAD = YES;
				SWIFT_EMIT_LOC_STRINGS = YES;
				SWIFT_VERSION = 5.0;
				TARGETED_DEVICE_FAMILY = 1;
			};
			name = Debug;
		};
		6E61FC6129A2FCE600D24CCC /* Release */ = {
			isa = XCBuildConfiguration;
			baseConfigurationReference = 03AE0AD16680CC64A41DB824 /* Pods-WeatherAndNews.release.xcconfig */;
			buildSettings = {
				ASSETCATALOG_COMPILER_APPICON_NAME = AppIcon;
				ASSETCATALOG_COMPILER_GLOBAL_ACCENT_COLOR_NAME = AccentColor;
				CODE_SIGN_STYLE = Automatic;
				CURRENT_PROJECT_VERSION = 1;
				DEVELOPMENT_TEAM = 7YM75J8UJJ;
				GENERATE_INFOPLIST_FILE = YES;
				INFOPLIST_FILE = WeatherAndNews/Info.plist;
				INFOPLIST_KEY_UIApplicationSupportsIndirectInputEvents = YES;
				INFOPLIST_KEY_UILaunchStoryboardName = LaunchScreen;
				INFOPLIST_KEY_UIMainStoryboardFile = Main;
				INFOPLIST_KEY_UISupportedInterfaceOrientations_iPad = "UIInterfaceOrientationPortrait UIInterfaceOrientationPortraitUpsideDown UIInterfaceOrientationLandscapeLeft UIInterfaceOrientationLandscapeRight";
				INFOPLIST_KEY_UISupportedInterfaceOrientations_iPhone = "UIInterfaceOrientationPortrait UIInterfaceOrientationLandscapeLeft UIInterfaceOrientationLandscapeRight";
				IPHONEOS_DEPLOYMENT_TARGET = 14.2;
				LD_RUNPATH_SEARCH_PATHS = (
					"$(inherited)",
					"@executable_path/Frameworks",
				);
				MARKETING_VERSION = 1.0;
				PRODUCT_BUNDLE_IDENTIFIER = com.chul.WeatherAndNews;
				PRODUCT_NAME = "$(TARGET_NAME)";
				SUPPORTED_PLATFORMS = "iphoneos iphonesimulator";
				SUPPORTS_MACCATALYST = NO;
				SUPPORTS_MAC_DESIGNED_FOR_IPHONE_IPAD = YES;
				SWIFT_EMIT_LOC_STRINGS = YES;
				SWIFT_VERSION = 5.0;
				TARGETED_DEVICE_FAMILY = 1;
			};
			name = Release;
		};
/* End XCBuildConfiguration section */

/* Begin XCConfigurationList section */
		6E61FC4629A2FCE500D24CCC /* Build configuration list for PBXProject "WeatherAndNews" */ = {
			isa = XCConfigurationList;
			buildConfigurations = (
				6E61FC5D29A2FCE600D24CCC /* Debug */,
				6E61FC5E29A2FCE600D24CCC /* Release */,
			);
			defaultConfigurationIsVisible = 0;
			defaultConfigurationName = Release;
		};
		6E61FC5F29A2FCE600D24CCC /* Build configuration list for PBXNativeTarget "WeatherAndNews" */ = {
			isa = XCConfigurationList;
			buildConfigurations = (
				6E61FC6029A2FCE600D24CCC /* Debug */,
				6E61FC6129A2FCE600D24CCC /* Release */,
			);
			defaultConfigurationIsVisible = 0;
			defaultConfigurationName = Release;
		};
/* End XCConfigurationList section */
	};
	rootObject = 6E61FC4329A2FCE500D24CCC /* Project object */;
}
